
Microsoft Visual Studio Solution File, Format Version 12.00
# Visual Studio Version 16
VisualStudioVersion = 16.0.29911.84
MinimumVisualStudioVersion = 10.0.40219.1
Project("{9A19103F-16F7-4668-BE54-9A1E7A4F7556}") = "FormulaOneStonks", "FormulaOneStonks\FormulaOneStonks.csproj", "{4081EDCC-9562-4627-B93B-59C7A0BB6A15}"
EndProject
Project("{9A19103F-16F7-4668-BE54-9A1E7A4F7556}") = "BlazorTable", "BlazorTable\BlazorTable.csproj", "{70F00ECE-6401-4FE7-A33E-AD1013DC2DC4}"
EndProject
Global
	GlobalSection(SolutionConfigurationPlatforms) = preSolution
		Debug|Any CPU = Debug|Any CPU
		Release|Any CPU = Release|Any CPU
	EndGlobalSection
	GlobalSection(ProjectConfigurationPlatforms) = postSolution
		{4081EDCC-9562-4627-B93B-59C7A0BB6A15}.Debug|Any CPU.ActiveCfg = Debug|Any CPU
		{4081EDCC-9562-4627-B93B-59C7A0BB6A15}.Debug|Any CPU.Build.0 = Debug|Any CPU
		{4081EDCC-9562-4627-B93B-59C7A0BB6A15}.Release|Any CPU.ActiveCfg = Release|Any CPU
		{4081EDCC-9562-4627-B93B-59C7A0BB6A15}.Release|Any CPU.Build.0 = Release|Any CPU
		{70F00ECE-6401-4FE7-A33E-AD1013DC2DC4}.Debug|Any CPU.ActiveCfg = Debug|Any CPU
		{70F00ECE-6401-4FE7-A33E-AD1013DC2DC4}.Debug|Any CPU.Build.0 = Debug|Any CPU
		{70F00ECE-6401-4FE7-A33E-AD1013DC2DC4}.Release|Any CPU.ActiveCfg = Release|Any CPU
		{70F00ECE-6401-4FE7-A33E-AD1013DC2DC4}.Release|Any CPU.Build.0 = Release|Any CPU
	EndGlobalSection
	GlobalSection(SolutionProperties) = preSolution
		HideSolutionNode = FALSE
	EndGlobalSection
	GlobalSection(ExtensibilityGlobals) = postSolution
		SolutionGuid = {ABC44B72-D276-4E3A-9235-11AA10A2670C}
	EndGlobalSection
EndGlobal
